
Microsoft Visual Studio Solution File, Format Version 12.00
# Visual Studio Version 17
VisualStudioVersion = 17.13.35825.156 d17.13
MinimumVisualStudioVersion = 10.0.40219.1
Project("{FAE04EC0-301F-11D3-BF4B-00C04F79EFBC}") = "db-deploy", "db-deploy\db-deploy.csproj", "{1C8A15F9-01E7-3E76-2290-F85D7BE1799E}"
EndProject
Project("{FAE04EC0-301F-11D3-BF4B-00C04F79EFBC}") = "db-test", "db-test\db-test.csproj", "{B60B69B4-C79A-AD00-BD7B-56F8C321DD3B}"
EndProject
Global
	GlobalSection(SolutionConfigurationPlatforms) = preSolution
		Debug|Any CPU = Debug|Any CPU
		Release|Any CPU = Release|Any CPU
	EndGlobalSection
	GlobalSection(ProjectConfigurationPlatforms) = postSolution
		{1C8A15F9-01E7-3E76-2290-F85D7BE1799E}.Debug|Any CPU.ActiveCfg = Debug|Any CPU
		{1C8A15F9-01E7-3E76-2290-F85D7BE1799E}.Debug|Any CPU.Build.0 = Debug|Any CPU
		{1C8A15F9-01E7-3E76-2290-F85D7BE1799E}.Release|Any CPU.ActiveCfg = Release|Any CPU
		{1C8A15F9-01E7-3E76-2290-F85D7BE1799E}.Release|Any CPU.Build.0 = Release|Any CPU
		{B60B69B4-C79A-AD00-BD7B-56F8C321DD3B}.Debug|Any CPU.ActiveCfg = Debug|Any CPU
		{B60B69B4-C79A-AD00-BD7B-56F8C321DD3B}.Debug|Any CPU.Build.0 = Debug|Any CPU
		{B60B69B4-C79A-AD00-BD7B-56F8C321DD3B}.Release|Any CPU.ActiveCfg = Release|Any CPU
		{B60B69B4-C79A-AD00-BD7B-56F8C321DD3B}.Release|Any CPU.Build.0 = Release|Any CPU
	EndGlobalSection
	GlobalSection(SolutionProperties) = preSolution
		HideSolutionNode = FALSE
	EndGlobalSection
	GlobalSection(ExtensibilityGlobals) = postSolution
		SolutionGuid = {1ADA86D0-9ECC-46E4-94AE-ABAF36795D3D}
	EndGlobalSection
EndGlobal
