
Microsoft Visual Studio Solution File, Format Version 12.00
# Visual Studio Version 17
VisualStudioVersion = 17.5.002.0
MinimumVisualStudioVersion = 10.0.40219.1
Project("{9A19103F-16F7-4668-BE54-9A1E7A4F7556}") = "db-deploy", "db-deploy\db-deploy.csproj", "{AB7348A0-CAFE-4E50-8461-A5AD46252D50}"
EndProject
Project("{9A19103F-16F7-4668-BE54-9A1E7A4F7556}") = "db-test", "db-test\db-test.csproj", "{DAD1783C-D44A-4AA8-90F1-D8D901DBB9B4}"
EndProject
Global
	GlobalSection(SolutionConfigurationPlatforms) = preSolution
		Debug|Any CPU = Debug|Any CPU
		Release|Any CPU = Release|Any CPU
	EndGlobalSection
	GlobalSection(ProjectConfigurationPlatforms) = postSolution
		{AB7348A0-CAFE-4E50-8461-A5AD46252D50}.Debug|Any CPU.ActiveCfg = Debug|Any CPU
		{AB7348A0-CAFE-4E50-8461-A5AD46252D50}.Debug|Any CPU.Build.0 = Debug|Any CPU
		{AB7348A0-CAFE-4E50-8461-A5AD46252D50}.Release|Any CPU.ActiveCfg = Release|Any CPU
		{AB7348A0-CAFE-4E50-8461-A5AD46252D50}.Release|Any CPU.Build.0 = Release|Any CPU
		{DAD1783C-D44A-4AA8-90F1-D8D901DBB9B4}.Debug|Any CPU.ActiveCfg = Debug|Any CPU
		{DAD1783C-D44A-4AA8-90F1-D8D901DBB9B4}.Debug|Any CPU.Build.0 = Debug|Any CPU
		{DAD1783C-D44A-4AA8-90F1-D8D901DBB9B4}.Release|Any CPU.ActiveCfg = Release|Any CPU
		{DAD1783C-D44A-4AA8-90F1-D8D901DBB9B4}.Release|Any CPU.Build.0 = Release|Any CPU
	EndGlobalSection
	GlobalSection(SolutionProperties) = preSolution
		HideSolutionNode = FALSE
	EndGlobalSection
	GlobalSection(ExtensibilityGlobals) = postSolution
		SolutionGuid = {42BD4B3F-9666-469B-B9B5-BB108C28B2CC}
	EndGlobalSection
EndGlobal
